
Microsoft Visual Studio Solution File, Format Version 12.00
# Visual Studio Version 16
VisualStudioVersion = 16.0.32602.291
MinimumVisualStudioVersion = 10.0.40219.1
Project("{9A19103F-16F7-4668-BE54-9A1E7A4F7556}") = "ApiLegalScraper.Controller", "ApiLegalScraper.Controller\ApiLegalScraper.Controller.csproj", "{82A5FBC3-316A-4A0C-B6EA-46E720B759C8}"
EndProject
Project("{9A19103F-16F7-4668-BE54-9A1E7A4F7556}") = "ApiLegalScraper.Data", "ApiLegalScraper.Data\ApiLegalScraper.Data.csproj", "{CA20FA33-A1E0-4534-87FF-FD5B24950A40}"
EndProject
Project("{9A19103F-16F7-4668-BE54-9A1E7A4F7556}") = "ApiLegalScraper.Domain", "ApiLegalScraper.Domain\ApiLegalScraper.Domain.csproj", "{B9014AAD-0060-4C7B-AA1B-229F4F01F978}"
EndProject
Project("{9A19103F-16F7-4668-BE54-9A1E7A4F7556}") = "ApiLegalScraper.Service", "ApiLegalScraper.Service\ApiLegalScraper.Service.csproj", "{BF4BBE2E-2E63-4E59-B841-D833665D094B}"
EndProject
Global
	GlobalSection(SolutionConfigurationPlatforms) = preSolution
		Debug|Any CPU = Debug|Any CPU
		Release|Any CPU = Release|Any CPU
	EndGlobalSection
	GlobalSection(ProjectConfigurationPlatforms) = postSolution
		{82A5FBC3-316A-4A0C-B6EA-46E720B759C8}.Debug|Any CPU.ActiveCfg = Debug|Any CPU
		{82A5FBC3-316A-4A0C-B6EA-46E720B759C8}.Debug|Any CPU.Build.0 = Debug|Any CPU
		{82A5FBC3-316A-4A0C-B6EA-46E720B759C8}.Release|Any CPU.ActiveCfg = Release|Any CPU
		{82A5FBC3-316A-4A0C-B6EA-46E720B759C8}.Release|Any CPU.Build.0 = Release|Any CPU
		{CA20FA33-A1E0-4534-87FF-FD5B24950A40}.Debug|Any CPU.ActiveCfg = Debug|Any CPU
		{CA20FA33-A1E0-4534-87FF-FD5B24950A40}.Debug|Any CPU.Build.0 = Debug|Any CPU
		{CA20FA33-A1E0-4534-87FF-FD5B24950A40}.Release|Any CPU.ActiveCfg = Release|Any CPU
		{CA20FA33-A1E0-4534-87FF-FD5B24950A40}.Release|Any CPU.Build.0 = Release|Any CPU
		{B9014AAD-0060-4C7B-AA1B-229F4F01F978}.Debug|Any CPU.ActiveCfg = Debug|Any CPU
		{B9014AAD-0060-4C7B-AA1B-229F4F01F978}.Debug|Any CPU.Build.0 = Debug|Any CPU
		{B9014AAD-0060-4C7B-AA1B-229F4F01F978}.Release|Any CPU.ActiveCfg = Release|Any CPU
		{B9014AAD-0060-4C7B-AA1B-229F4F01F978}.Release|Any CPU.Build.0 = Release|Any CPU
		{BF4BBE2E-2E63-4E59-B841-D833665D094B}.Debug|Any CPU.ActiveCfg = Debug|Any CPU
		{BF4BBE2E-2E63-4E59-B841-D833665D094B}.Debug|Any CPU.Build.0 = Debug|Any CPU
		{BF4BBE2E-2E63-4E59-B841-D833665D094B}.Release|Any CPU.ActiveCfg = Release|Any CPU
		{BF4BBE2E-2E63-4E59-B841-D833665D094B}.Release|Any CPU.Build.0 = Release|Any CPU
	EndGlobalSection
	GlobalSection(SolutionProperties) = preSolution
		HideSolutionNode = FALSE
	EndGlobalSection
	GlobalSection(ExtensibilityGlobals) = postSolution
		SolutionGuid = {EC588920-A101-453C-8118-E7275C1F9F6F}
	EndGlobalSection
EndGlobal
